// !$*UTF8*$!
{
	archiveVersion = 1;
	classes = {
	};
	objectVersion = 50;
	objects = {

/* Begin PBXBuildFile section */
		A607DC0C21114AFA000E2A9B /* APIHandler.swift in Sources */ = {isa = PBXBuildFile; fileRef = A607DC0B21114AFA000E2A9B /* APIHandler.swift */; };
		A60E47FA20EDEC8E0072F28E /* Step3ViewController.swift in Sources */ = {isa = PBXBuildFile; fileRef = A60E47F920EDEC8E0072F28E /* Step3ViewController.swift */; };
		A620436520EF028700B48504 /* ScoreViewController.swift in Sources */ = {isa = PBXBuildFile; fileRef = A620436420EF028700B48504 /* ScoreViewController.swift */; };
		A620436720EF0FDC00B48504 /* DetailsViewController.swift in Sources */ = {isa = PBXBuildFile; fileRef = A620436620EF0FDC00B48504 /* DetailsViewController.swift */; };
		A620436920EF0FF100B48504 /* HistoryViewController.swift in Sources */ = {isa = PBXBuildFile; fileRef = A620436820EF0FF100B48504 /* HistoryViewController.swift */; };
		A63C7E5D20F5C0970083C3B0 /* SearchFields.swift in Sources */ = {isa = PBXBuildFile; fileRef = A63C7E5C20F5C0970083C3B0 /* SearchFields.swift */; };
		A63C7E5F20F60F990083C3B0 /* HistoryList.swift in Sources */ = {isa = PBXBuildFile; fileRef = A63C7E5E20F60F990083C3B0 /* HistoryList.swift */; };
		A6629F2F210D82D000384682 /* Result.swift in Sources */ = {isa = PBXBuildFile; fileRef = A6629F2E210D82D000384682 /* Result.swift */; };
		A66A14C82108B8A000A4CA71 /* RepCheck.xcdatamodeld in Sources */ = {isa = PBXBuildFile; fileRef = A66A14C521085A6F00A4CA71 /* RepCheck.xcdatamodeld */; };
		A69C843B20F8EA42005C2B62 /* MasterViewController.swift in Sources */ = {isa = PBXBuildFile; fileRef = A69C843A20F8EA42005C2B62 /* MasterViewController.swift */; };
		A6A7F57120D0F109004D7234 /* AppDelegate.swift in Sources */ = {isa = PBXBuildFile; fileRef = A6A7F57020D0F109004D7234 /* AppDelegate.swift */; };
		A6A7F57320D0F109004D7234 /* OptionsViewController.swift in Sources */ = {isa = PBXBuildFile; fileRef = A6A7F57220D0F109004D7234 /* OptionsViewController.swift */; };
		A6A7F57620D0F109004D7234 /* Main.storyboard in Resources */ = {isa = PBXBuildFile; fileRef = A6A7F57420D0F109004D7234 /* Main.storyboard */; };
		A6A7F57820D0F10B004D7234 /* Assets.xcassets in Resources */ = {isa = PBXBuildFile; fileRef = A6A7F57720D0F10B004D7234 /* Assets.xcassets */; };
		A6A7F57B20D0F10B004D7234 /* LaunchScreen.storyboard in Resources */ = {isa = PBXBuildFile; fileRef = A6A7F57920D0F10B004D7234 /* LaunchScreen.storyboard */; };
		A6A7F58620D0F10B004D7234 /* RepCheckTests.swift in Sources */ = {isa = PBXBuildFile; fileRef = A6A7F58520D0F10B004D7234 /* RepCheckTests.swift */; };
		A6A7F59120D0F10B004D7234 /* RepCheckUITests.swift in Sources */ = {isa = PBXBuildFile; fileRef = A6A7F59020D0F10B004D7234 /* RepCheckUITests.swift */; };
		A6DA056320E79EDA00186D94 /* Options.swift in Sources */ = {isa = PBXBuildFile; fileRef = A6DA056220E79EDA00186D94 /* Options.swift */; };
		A6DA056520E7B88500186D94 /* Model.swift in Sources */ = {isa = PBXBuildFile; fileRef = A6DA056420E7B88500186D94 /* Model.swift */; };
		A6DA056720E7BAD500186D94 /* Step1ViewController.swift in Sources */ = {isa = PBXBuildFile; fileRef = A6DA056620E7BAD500186D94 /* Step1ViewController.swift */; };
		A6DA056920EDC7F400186D94 /* Step2ViewController.swift in Sources */ = {isa = PBXBuildFile; fileRef = A6DA056820EDC7F400186D94 /* Step2ViewController.swift */; };
		A6DE68CD20F8F3A90028139F /* ResultList.swift in Sources */ = {isa = PBXBuildFile; fileRef = A6DE68CC20F8F3A90028139F /* ResultList.swift */; };
		BECF0CD220F87910008BEEF2 /* Recording.swift in Sources */ = {isa = PBXBuildFile; fileRef = BECF0CD120F87910008BEEF2 /* Recording.swift */; };
/* End PBXBuildFile section */

/* Begin PBXContainerItemProxy section */
		A6A7F58220D0F10B004D7234 /* PBXContainerItemProxy */ = {
			isa = PBXContainerItemProxy;
			containerPortal = A6A7F56520D0F109004D7234 /* Project object */;
			proxyType = 1;
			remoteGlobalIDString = A6A7F56C20D0F109004D7234;
			remoteInfo = RepCheck;
		};
		A6A7F58D20D0F10B004D7234 /* PBXContainerItemProxy */ = {
			isa = PBXContainerItemProxy;
			containerPortal = A6A7F56520D0F109004D7234 /* Project object */;
			proxyType = 1;
			remoteGlobalIDString = A6A7F56C20D0F109004D7234;
			remoteInfo = RepCheck;
		};
/* End PBXContainerItemProxy section */

/* Begin PBXFileReference section */
		A607DC0B21114AFA000E2A9B /* APIHandler.swift */ = {isa = PBXFileReference; lastKnownFileType = sourcecode.swift; path = APIHandler.swift; sourceTree = "<group>"; };
		A60E47F920EDEC8E0072F28E /* Step3ViewController.swift */ = {isa = PBXFileReference; lastKnownFileType = sourcecode.swift; path = Step3ViewController.swift; sourceTree = "<group>"; };
		A620436420EF028700B48504 /* ScoreViewController.swift */ = {isa = PBXFileReference; lastKnownFileType = sourcecode.swift; path = ScoreViewController.swift; sourceTree = "<group>"; };
		A620436620EF0FDC00B48504 /* DetailsViewController.swift */ = {isa = PBXFileReference; lastKnownFileType = sourcecode.swift; path = DetailsViewController.swift; sourceTree = "<group>"; };
		A620436820EF0FF100B48504 /* HistoryViewController.swift */ = {isa = PBXFileReference; lastKnownFileType = sourcecode.swift; path = HistoryViewController.swift; sourceTree = "<group>"; };
		A63C7E5C20F5C0970083C3B0 /* SearchFields.swift */ = {isa = PBXFileReference; lastKnownFileType = sourcecode.swift; path = SearchFields.swift; sourceTree = "<group>"; };
		A63C7E5E20F60F990083C3B0 /* HistoryList.swift */ = {isa = PBXFileReference; lastKnownFileType = sourcecode.swift; path = HistoryList.swift; sourceTree = "<group>"; };
		A6629F2E210D82D000384682 /* Result.swift */ = {isa = PBXFileReference; lastKnownFileType = sourcecode.swift; path = Result.swift; sourceTree = "<group>"; };
		A66A14C621085A6F00A4CA71 /* RepCheck.xcdatamodel */ = {isa = PBXFileReference; lastKnownFileType = wrapper.xcdatamodel; path = RepCheck.xcdatamodel; sourceTree = "<group>"; };
		A69C843A20F8EA42005C2B62 /* MasterViewController.swift */ = {isa = PBXFileReference; lastKnownFileType = sourcecode.swift; path = MasterViewController.swift; sourceTree = "<group>"; };
		A6A7F56D20D0F109004D7234 /* RepCheck.app */ = {isa = PBXFileReference; explicitFileType = wrapper.application; includeInIndex = 0; path = RepCheck.app; sourceTree = BUILT_PRODUCTS_DIR; };
		A6A7F57020D0F109004D7234 /* AppDelegate.swift */ = {isa = PBXFileReference; lastKnownFileType = sourcecode.swift; path = AppDelegate.swift; sourceTree = "<group>"; };
		A6A7F57220D0F109004D7234 /* OptionsViewController.swift */ = {isa = PBXFileReference; lastKnownFileType = sourcecode.swift; path = OptionsViewController.swift; sourceTree = "<group>"; };
		A6A7F57520D0F109004D7234 /* Base */ = {isa = PBXFileReference; lastKnownFileType = file.storyboard; name = Base; path = Base.lproj/Main.storyboard; sourceTree = "<group>"; };
		A6A7F57720D0F10B004D7234 /* Assets.xcassets */ = {isa = PBXFileReference; lastKnownFileType = folder.assetcatalog; path = Assets.xcassets; sourceTree = "<group>"; };
		A6A7F57A20D0F10B004D7234 /* Base */ = {isa = PBXFileReference; lastKnownFileType = file.storyboard; name = Base; path = Base.lproj/LaunchScreen.storyboard; sourceTree = "<group>"; };
		A6A7F57C20D0F10B004D7234 /* Info.plist */ = {isa = PBXFileReference; lastKnownFileType = text.plist.xml; path = Info.plist; sourceTree = "<group>"; };
		A6A7F58120D0F10B004D7234 /* RepCheckTests.xctest */ = {isa = PBXFileReference; explicitFileType = wrapper.cfbundle; includeInIndex = 0; path = RepCheckTests.xctest; sourceTree = BUILT_PRODUCTS_DIR; };
		A6A7F58520D0F10B004D7234 /* RepCheckTests.swift */ = {isa = PBXFileReference; lastKnownFileType = sourcecode.swift; path = RepCheckTests.swift; sourceTree = "<group>"; };
		A6A7F58720D0F10B004D7234 /* Info.plist */ = {isa = PBXFileReference; lastKnownFileType = text.plist.xml; path = Info.plist; sourceTree = "<group>"; };
		A6A7F58C20D0F10B004D7234 /* RepCheckUITests.xctest */ = {isa = PBXFileReference; explicitFileType = wrapper.cfbundle; includeInIndex = 0; path = RepCheckUITests.xctest; sourceTree = BUILT_PRODUCTS_DIR; };
		A6A7F59020D0F10B004D7234 /* RepCheckUITests.swift */ = {isa = PBXFileReference; lastKnownFileType = sourcecode.swift; path = RepCheckUITests.swift; sourceTree = "<group>"; };
		A6A7F59220D0F10B004D7234 /* Info.plist */ = {isa = PBXFileReference; lastKnownFileType = text.plist.xml; path = Info.plist; sourceTree = "<group>"; };
		A6DA056220E79EDA00186D94 /* Options.swift */ = {isa = PBXFileReference; lastKnownFileType = sourcecode.swift; path = Options.swift; sourceTree = "<group>"; };
		A6DA056420E7B88500186D94 /* Model.swift */ = {isa = PBXFileReference; lastKnownFileType = sourcecode.swift; path = Model.swift; sourceTree = "<group>"; };
		A6DA056620E7BAD500186D94 /* Step1ViewController.swift */ = {isa = PBXFileReference; lastKnownFileType = sourcecode.swift; path = Step1ViewController.swift; sourceTree = "<group>"; };
		A6DA056820EDC7F400186D94 /* Step2ViewController.swift */ = {isa = PBXFileReference; lastKnownFileType = sourcecode.swift; path = Step2ViewController.swift; sourceTree = "<group>"; };
		A6DE68CC20F8F3A90028139F /* ResultList.swift */ = {isa = PBXFileReference; lastKnownFileType = sourcecode.swift; path = ResultList.swift; sourceTree = "<group>"; };
		BECF0CD120F87910008BEEF2 /* Recording.swift */ = {isa = PBXFileReference; lastKnownFileType = sourcecode.swift; path = Recording.swift; sourceTree = "<group>"; };
/* End PBXFileReference section */

/* Begin PBXFrameworksBuildPhase section */
		A6A7F56A20D0F109004D7234 /* Frameworks */ = {
			isa = PBXFrameworksBuildPhase;
			buildActionMask = 2147483647;
			files = (
			);
			runOnlyForDeploymentPostprocessing = 0;
		};
		A6A7F57E20D0F10B004D7234 /* Frameworks */ = {
			isa = PBXFrameworksBuildPhase;
			buildActionMask = 2147483647;
			files = (
			);
			runOnlyForDeploymentPostprocessing = 0;
		};
		A6A7F58920D0F10B004D7234 /* Frameworks */ = {
			isa = PBXFrameworksBuildPhase;
			buildActionMask = 2147483647;
			files = (
			);
			runOnlyForDeploymentPostprocessing = 0;
		};
/* End PBXFrameworksBuildPhase section */

/* Begin PBXGroup section */
		A612CDE020E39E8E00616076 /* Model */ = {
			isa = PBXGroup;
			children = (
				A6DA056220E79EDA00186D94 /* Options.swift */,
				A6DA056420E7B88500186D94 /* Model.swift */,
				A63C7E5C20F5C0970083C3B0 /* SearchFields.swift */,
				A63C7E5E20F60F990083C3B0 /* HistoryList.swift */,
				A6DE68CC20F8F3A90028139F /* ResultList.swift */,
				A6629F2E210D82D000384682 /* Result.swift */,
				A607DC0B21114AFA000E2A9B /* APIHandler.swift */,
			);
			path = Model;
			sourceTree = "<group>";
		};
		A6A7F56420D0F109004D7234 = {
			isa = PBXGroup;
			children = (
				A6A7F56F20D0F109004D7234 /* RepCheck */,
				A6A7F58420D0F10B004D7234 /* RepCheckTests */,
				A6A7F58F20D0F10B004D7234 /* RepCheckUITests */,
				A6A7F56E20D0F109004D7234 /* Products */,
			);
			sourceTree = "<group>";
		};
		A6A7F56E20D0F109004D7234 /* Products */ = {
			isa = PBXGroup;
			children = (
				A6A7F56D20D0F109004D7234 /* RepCheck.app */,
				A6A7F58120D0F10B004D7234 /* RepCheckTests.xctest */,
				A6A7F58C20D0F10B004D7234 /* RepCheckUITests.xctest */,
			);
			name = Products;
			sourceTree = "<group>";
		};
		A6A7F56F20D0F109004D7234 /* RepCheck */ = {
			isa = PBXGroup;
			children = (
				A612CDE020E39E8E00616076 /* Model */,
				BE5D729F20E3852E00D1A372 /* View */,
				BE5D729E20E3851800D1A372 /* Controller */,
				A6A7F57020D0F109004D7234 /* AppDelegate.swift */,
				A6A7F57720D0F10B004D7234 /* Assets.xcassets */,
				A6A7F57C20D0F10B004D7234 /* Info.plist */,
				A66A14C521085A6F00A4CA71 /* RepCheck.xcdatamodeld */,
			);
			path = RepCheck;
			sourceTree = "<group>";
		};
		A6A7F58420D0F10B004D7234 /* RepCheckTests */ = {
			isa = PBXGroup;
			children = (
				A6A7F58520D0F10B004D7234 /* RepCheckTests.swift */,
				A6A7F58720D0F10B004D7234 /* Info.plist */,
			);
			path = RepCheckTests;
			sourceTree = "<group>";
		};
		A6A7F58F20D0F10B004D7234 /* RepCheckUITests */ = {
			isa = PBXGroup;
			children = (
				A6A7F59020D0F10B004D7234 /* RepCheckUITests.swift */,
				BECF0CD120F87910008BEEF2 /* Recording.swift */,
				A6A7F59220D0F10B004D7234 /* Info.plist */,
			);
			path = RepCheckUITests;
			sourceTree = "<group>";
		};
		BE5D729E20E3851800D1A372 /* Controller */ = {
			isa = PBXGroup;
			children = (
				A6A7F57220D0F109004D7234 /* OptionsViewController.swift */,
				A6DA056620E7BAD500186D94 /* Step1ViewController.swift */,
				A6DA056820EDC7F400186D94 /* Step2ViewController.swift */,
				A60E47F920EDEC8E0072F28E /* Step3ViewController.swift */,
				A620436420EF028700B48504 /* ScoreViewController.swift */,
				A620436620EF0FDC00B48504 /* DetailsViewController.swift */,
				A620436820EF0FF100B48504 /* HistoryViewController.swift */,
				A69C843A20F8EA42005C2B62 /* MasterViewController.swift */,
			);
			path = Controller;
			sourceTree = "<group>";
		};
		BE5D729F20E3852E00D1A372 /* View */ = {
			isa = PBXGroup;
			children = (
				A6A7F57920D0F10B004D7234 /* LaunchScreen.storyboard */,
				A6A7F57420D0F109004D7234 /* Main.storyboard */,
			);
			path = View;
			sourceTree = "<group>";
		};
/* End PBXGroup section */

/* Begin PBXNativeTarget section */
		A6A7F56C20D0F109004D7234 /* RepCheck */ = {
			isa = PBXNativeTarget;
			buildConfigurationList = A6A7F59520D0F10B004D7234 /* Build configuration list for PBXNativeTarget "RepCheck" */;
			buildPhases = (
				A6A7F56920D0F109004D7234 /* Sources */,
				A6A7F56A20D0F109004D7234 /* Frameworks */,
				A6A7F56B20D0F109004D7234 /* Resources */,
			);
			buildRules = (
			);
			dependencies = (
			);
			name = RepCheck;
			productName = RepCheck;
			productReference = A6A7F56D20D0F109004D7234 /* RepCheck.app */;
			productType = "com.apple.product-type.application";
		};
		A6A7F58020D0F10B004D7234 /* RepCheckTests */ = {
			isa = PBXNativeTarget;
			buildConfigurationList = A6A7F59820D0F10B004D7234 /* Build configuration list for PBXNativeTarget "RepCheckTests" */;
			buildPhases = (
				A6A7F57D20D0F10B004D7234 /* Sources */,
				A6A7F57E20D0F10B004D7234 /* Frameworks */,
				A6A7F57F20D0F10B004D7234 /* Resources */,
			);
			buildRules = (
			);
			dependencies = (
				A6A7F58320D0F10B004D7234 /* PBXTargetDependency */,
			);
			name = RepCheckTests;
			productName = RepCheckTests;
			productReference = A6A7F58120D0F10B004D7234 /* RepCheckTests.xctest */;
			productType = "com.apple.product-type.bundle.unit-test";
		};
		A6A7F58B20D0F10B004D7234 /* RepCheckUITests */ = {
			isa = PBXNativeTarget;
			buildConfigurationList = A6A7F59B20D0F10B004D7234 /* Build configuration list for PBXNativeTarget "RepCheckUITests" */;
			buildPhases = (
				A6A7F58820D0F10B004D7234 /* Sources */,
				A6A7F58920D0F10B004D7234 /* Frameworks */,
				A6A7F58A20D0F10B004D7234 /* Resources */,
			);
			buildRules = (
			);
			dependencies = (
				A6A7F58E20D0F10B004D7234 /* PBXTargetDependency */,
			);
			name = RepCheckUITests;
			productName = RepCheckUITests;
			productReference = A6A7F58C20D0F10B004D7234 /* RepCheckUITests.xctest */;
			productType = "com.apple.product-type.bundle.ui-testing";
		};
/* End PBXNativeTarget section */

/* Begin PBXProject section */
		A6A7F56520D0F109004D7234 /* Project object */ = {
			isa = PBXProject;
			attributes = {
				LastSwiftUpdateCheck = 0940;
				LastUpgradeCheck = 0940;
				ORGANIZATIONNAME = "Joel Wall";
				TargetAttributes = {
					A6A7F56C20D0F109004D7234 = {
						CreatedOnToolsVersion = 9.4;
					};
					A6A7F58020D0F10B004D7234 = {
						CreatedOnToolsVersion = 9.4;
						TestTargetID = A6A7F56C20D0F109004D7234;
					};
					A6A7F58B20D0F10B004D7234 = {
						CreatedOnToolsVersion = 9.4;
						TestTargetID = A6A7F56C20D0F109004D7234;
					};
				};
			};
			buildConfigurationList = A6A7F56820D0F109004D7234 /* Build configuration list for PBXProject "RepCheck" */;
			compatibilityVersion = "Xcode 9.3";
			developmentRegion = en;
			hasScannedForEncodings = 0;
			knownRegions = (
				en,
				Base,
			);
			mainGroup = A6A7F56420D0F109004D7234;
			productRefGroup = A6A7F56E20D0F109004D7234 /* Products */;
			projectDirPath = "";
			projectRoot = "";
			targets = (
				A6A7F56C20D0F109004D7234 /* RepCheck */,
				A6A7F58020D0F10B004D7234 /* RepCheckTests */,
				A6A7F58B20D0F10B004D7234 /* RepCheckUITests */,
			);
		};
/* End PBXProject section */

/* Begin PBXResourcesBuildPhase section */
		A6A7F56B20D0F109004D7234 /* Resources */ = {
			isa = PBXResourcesBuildPhase;
			buildActionMask = 2147483647;
			files = (
				A6A7F57B20D0F10B004D7234 /* LaunchScreen.storyboard in Resources */,
				A6A7F57820D0F10B004D7234 /* Assets.xcassets in Resources */,
				A6A7F57620D0F109004D7234 /* Main.storyboard in Resources */,
			);
			runOnlyForDeploymentPostprocessing = 0;
		};
		A6A7F57F20D0F10B004D7234 /* Resources */ = {
			isa = PBXResourcesBuildPhase;
			buildActionMask = 2147483647;
			files = (
			);
			runOnlyForDeploymentPostprocessing = 0;
		};
		A6A7F58A20D0F10B004D7234 /* Resources */ = {
			isa = PBXResourcesBuildPhase;
			buildActionMask = 2147483647;
			files = (
			);
			runOnlyForDeploymentPostprocessing = 0;
		};
/* End PBXResourcesBuildPhase section */

/* Begin PBXSourcesBuildPhase section */
		A6A7F56920D0F109004D7234 /* Sources */ = {
			isa = PBXSourcesBuildPhase;
			buildActionMask = 2147483647;
			files = (
				A6DA056720E7BAD500186D94 /* Step1ViewController.swift in Sources */,
				A6DA056920EDC7F400186D94 /* Step2ViewController.swift in Sources */,
				A620436720EF0FDC00B48504 /* DetailsViewController.swift in Sources */,
				A620436920EF0FF100B48504 /* HistoryViewController.swift in Sources */,
				A66A14C82108B8A000A4CA71 /* RepCheck.xcdatamodeld in Sources */,
				A6DE68CD20F8F3A90028139F /* ResultList.swift in Sources */,
				A6629F2F210D82D000384682 /* Result.swift in Sources */,
				A60E47FA20EDEC8E0072F28E /* Step3ViewController.swift in Sources */,
				A6A7F57320D0F109004D7234 /* OptionsViewController.swift in Sources */,
				A63C7E5F20F60F990083C3B0 /* HistoryList.swift in Sources */,
				A6A7F57120D0F109004D7234 /* AppDelegate.swift in Sources */,
				A6DA056320E79EDA00186D94 /* Options.swift in Sources */,
				A63C7E5D20F5C0970083C3B0 /* SearchFields.swift in Sources */,
				A6DA056520E7B88500186D94 /* Model.swift in Sources */,
				A620436520EF028700B48504 /* ScoreViewController.swift in Sources */,
				A607DC0C21114AFA000E2A9B /* APIHandler.swift in Sources */,
				A69C843B20F8EA42005C2B62 /* MasterViewController.swift in Sources */,
			);
			runOnlyForDeploymentPostprocessing = 0;
		};
		A6A7F57D20D0F10B004D7234 /* Sources */ = {
			isa = PBXSourcesBuildPhase;
			buildActionMask = 2147483647;
			files = (
				A6A7F58620D0F10B004D7234 /* RepCheckTests.swift in Sources */,
			);
			runOnlyForDeploymentPostprocessing = 0;
		};
		A6A7F58820D0F10B004D7234 /* Sources */ = {
			isa = PBXSourcesBuildPhase;
			buildActionMask = 2147483647;
			files = (
				A6A7F59120D0F10B004D7234 /* RepCheckUITests.swift in Sources */,
				BECF0CD220F87910008BEEF2 /* Recording.swift in Sources */,
			);
			runOnlyForDeploymentPostprocessing = 0;
		};
/* End PBXSourcesBuildPhase section */

/* Begin PBXTargetDependency section */
		A6A7F58320D0F10B004D7234 /* PBXTargetDependency */ = {
			isa = PBXTargetDependency;
			target = A6A7F56C20D0F109004D7234 /* RepCheck */;
			targetProxy = A6A7F58220D0F10B004D7234 /* PBXContainerItemProxy */;
		};
		A6A7F58E20D0F10B004D7234 /* PBXTargetDependency */ = {
			isa = PBXTargetDependency;
			target = A6A7F56C20D0F109004D7234 /* RepCheck */;
			targetProxy = A6A7F58D20D0F10B004D7234 /* PBXContainerItemProxy */;
		};
/* End PBXTargetDependency section */

/* Begin PBXVariantGroup section */
		A6A7F57420D0F109004D7234 /* Main.storyboard */ = {
			isa = PBXVariantGroup;
			children = (
				A6A7F57520D0F109004D7234 /* Base */,
			);
			name = Main.storyboard;
			sourceTree = "<group>";
		};
		A6A7F57920D0F10B004D7234 /* LaunchScreen.storyboard */ = {
			isa = PBXVariantGroup;
			children = (
				A6A7F57A20D0F10B004D7234 /* Base */,
			);
			name = LaunchScreen.storyboard;
			sourceTree = "<group>";
		};
/* End PBXVariantGroup section */

/* Begin XCBuildConfiguration section */
		A6A7F59320D0F10B004D7234 /* Debug */ = {
			isa = XCBuildConfiguration;
			buildSettings = {
				ALWAYS_SEARCH_USER_PATHS = NO;
				CLANG_ANALYZER_NONNULL = YES;
				CLANG_ANALYZER_NUMBER_OBJECT_CONVERSION = YES_AGGRESSIVE;
				CLANG_CXX_LANGUAGE_STANDARD = "gnu++14";
				CLANG_CXX_LIBRARY = "libc++";
				CLANG_ENABLE_MODULES = YES;
				CLANG_ENABLE_OBJC_ARC = YES;
				CLANG_ENABLE_OBJC_WEAK = YES;
				CLANG_WARN_BLOCK_CAPTURE_AUTORELEASING = YES;
				CLANG_WARN_BOOL_CONVERSION = YES;
				CLANG_WARN_COMMA = YES;
				CLANG_WARN_CONSTANT_CONVERSION = YES;
				CLANG_WARN_DEPRECATED_OBJC_IMPLEMENTATIONS = YES;
				CLANG_WARN_DIRECT_OBJC_ISA_USAGE = YES_ERROR;
				CLANG_WARN_DOCUMENTATION_COMMENTS = YES;
				CLANG_WARN_EMPTY_BODY = YES;
				CLANG_WARN_ENUM_CONVERSION = YES;
				CLANG_WARN_INFINITE_RECURSION = YES;
				CLANG_WARN_INT_CONVERSION = YES;
				CLANG_WARN_NON_LITERAL_NULL_CONVERSION = YES;
				CLANG_WARN_OBJC_IMPLICIT_RETAIN_SELF = YES;
				CLANG_WARN_OBJC_LITERAL_CONVERSION = YES;
				CLANG_WARN_OBJC_ROOT_CLASS = YES_ERROR;
				CLANG_WARN_RANGE_LOOP_ANALYSIS = YES;
				CLANG_WARN_STRICT_PROTOTYPES = YES;
				CLANG_WARN_SUSPICIOUS_MOVE = YES;
				CLANG_WARN_UNGUARDED_AVAILABILITY = YES_AGGRESSIVE;
				CLANG_WARN_UNREACHABLE_CODE = YES;
				CLANG_WARN__DUPLICATE_METHOD_MATCH = YES;
				CODE_SIGN_IDENTITY = "iPhone Developer";
				COPY_PHASE_STRIP = NO;
				DEBUG_INFORMATION_FORMAT = dwarf;
				ENABLE_STRICT_OBJC_MSGSEND = YES;
				ENABLE_TESTABILITY = YES;
				GCC_C_LANGUAGE_STANDARD = gnu11;
				GCC_DYNAMIC_NO_PIC = NO;
				GCC_NO_COMMON_BLOCKS = YES;
				GCC_OPTIMIZATION_LEVEL = 0;
				GCC_PREPROCESSOR_DEFINITIONS = (
					"DEBUG=1",
					"$(inherited)",
				);
				GCC_WARN_64_TO_32_BIT_CONVERSION = YES;
				GCC_WARN_ABOUT_RETURN_TYPE = YES_ERROR;
				GCC_WARN_UNDECLARED_SELECTOR = YES;
				GCC_WARN_UNINITIALIZED_AUTOS = YES_AGGRESSIVE;
				GCC_WARN_UNUSED_FUNCTION = YES;
				GCC_WARN_UNUSED_VARIABLE = YES;
				IPHONEOS_DEPLOYMENT_TARGET = 11.4;
				MTL_ENABLE_DEBUG_INFO = YES;
				ONLY_ACTIVE_ARCH = YES;
				SDKROOT = iphoneos;
				SWIFT_ACTIVE_COMPILATION_CONDITIONS = DEBUG;
				SWIFT_OPTIMIZATION_LEVEL = "-Onone";
			};
			name = Debug;
		};
		A6A7F59420D0F10B004D7234 /* Release */ = {
			isa = XCBuildConfiguration;
			buildSettings = {
				ALWAYS_SEARCH_USER_PATHS = NO;
				CLANG_ANALYZER_NONNULL = YES;
				CLANG_ANALYZER_NUMBER_OBJECT_CONVERSION = YES_AGGRESSIVE;
				CLANG_CXX_LANGUAGE_STANDARD = "gnu++14";
				CLANG_CXX_LIBRARY = "libc++";
				CLANG_ENABLE_MODULES = YES;
				CLANG_ENABLE_OBJC_ARC = YES;
				CLANG_ENABLE_OBJC_WEAK = YES;
				CLANG_WARN_BLOCK_CAPTURE_AUTORELEASING = YES;
				CLANG_WARN_BOOL_CONVERSION = YES;
				CLANG_WARN_COMMA = YES;
				CLANG_WARN_CONSTANT_CONVERSION = YES;
				CLANG_WARN_DEPRECATED_OBJC_IMPLEMENTATIONS = YES;
				CLANG_WARN_DIRECT_OBJC_ISA_USAGE = YES_ERROR;
				CLANG_WARN_DOCUMENTATION_COMMENTS = YES;
				CLANG_WARN_EMPTY_BODY = YES;
				CLANG_WARN_ENUM_CONVERSION = YES;
				CLANG_WARN_INFINITE_RECURSION = YES;
				CLANG_WARN_INT_CONVERSION = YES;
				CLANG_WARN_NON_LITERAL_NULL_CONVERSION = YES;
				CLANG_WARN_OBJC_IMPLICIT_RETAIN_SELF = YES;
				CLANG_WARN_OBJC_LITERAL_CONVERSION = YES;
				CLANG_WARN_OBJC_ROOT_CLASS = YES_ERROR;
				CLANG_WARN_RANGE_LOOP_ANALYSIS = YES;
				CLANG_WARN_STRICT_PROTOTYPES = YES;
				CLANG_WARN_SUSPICIOUS_MOVE = YES;
				CLANG_WARN_UNGUARDED_AVAILABILITY = YES_AGGRESSIVE;
				CLANG_WARN_UNREACHABLE_CODE = YES;
				CLANG_WARN__DUPLICATE_METHOD_MATCH = YES;
				CODE_SIGN_IDENTITY = "iPhone Developer";
				COPY_PHASE_STRIP = NO;
				DEBUG_INFORMATION_FORMAT = "dwarf-with-dsym";
				ENABLE_NS_ASSERTIONS = NO;
				ENABLE_STRICT_OBJC_MSGSEND = YES;
				GCC_C_LANGUAGE_STANDARD = gnu11;
				GCC_NO_COMMON_BLOCKS = YES;
				GCC_WARN_64_TO_32_BIT_CONVERSION = YES;
				GCC_WARN_ABOUT_RETURN_TYPE = YES_ERROR;
				GCC_WARN_UNDECLARED_SELECTOR = YES;
				GCC_WARN_UNINITIALIZED_AUTOS = YES_AGGRESSIVE;
				GCC_WARN_UNUSED_FUNCTION = YES;
				GCC_WARN_UNUSED_VARIABLE = YES;
				IPHONEOS_DEPLOYMENT_TARGET = 11.4;
				MTL_ENABLE_DEBUG_INFO = NO;
				SDKROOT = iphoneos;
				SWIFT_COMPILATION_MODE = wholemodule;
				SWIFT_OPTIMIZATION_LEVEL = "-O";
				VALIDATE_PRODUCT = YES;
			};
			name = Release;
		};
		A6A7F59620D0F10B004D7234 /* Debug */ = {
			isa = XCBuildConfiguration;
			buildSettings = {
				ASSETCATALOG_COMPILER_APPICON_NAME = AppIcon;
				CODE_SIGN_STYLE = Automatic;
				DEVELOPMENT_TEAM = "";
				INFOPLIST_FILE = RepCheck/Info.plist;
				LD_RUNPATH_SEARCH_PATHS = (
					"$(inherited)",
					"@executable_path/Frameworks",
				);
				PRODUCT_BUNDLE_IDENTIFIER = TeamTweaker.RepCheck;
				PRODUCT_NAME = "$(TARGET_NAME)";
				SWIFT_VERSION = 4.0;
				TARGETED_DEVICE_FAMILY = "1,2";
			};
			name = Debug;
		};
		A6A7F59720D0F10B004D7234 /* Release */ = {
			isa = XCBuildConfiguration;
			buildSettings = {
				ASSETCATALOG_COMPILER_APPICON_NAME = AppIcon;
				CODE_SIGN_STYLE = Automatic;
				DEVELOPMENT_TEAM = "";
				INFOPLIST_FILE = RepCheck/Info.plist;
				LD_RUNPATH_SEARCH_PATHS = (
					"$(inherited)",
					"@executable_path/Frameworks",
				);
				PRODUCT_BUNDLE_IDENTIFIER = TeamTweaker.RepCheck;
				PRODUCT_NAME = "$(TARGET_NAME)";
				SWIFT_VERSION = 4.0;
				TARGETED_DEVICE_FAMILY = "1,2";
			};
			name = Release;
		};
		A6A7F59920D0F10B004D7234 /* Debug */ = {
			isa = XCBuildConfiguration;
			buildSettings = {
				ALWAYS_EMBED_SWIFT_STANDARD_LIBRARIES = YES;
				BUNDLE_LOADER = "$(TEST_HOST)";
				CODE_SIGN_STYLE = Automatic;
				DEVELOPMENT_TEAM = 2YP7993TAX;
				INFOPLIST_FILE = RepCheckTests/Info.plist;
				LD_RUNPATH_SEARCH_PATHS = (
					"$(inherited)",
					"@executable_path/Frameworks",
					"@loader_path/Frameworks",
				);
				PRODUCT_BUNDLE_IDENTIFIER = TeamTweaker.RepCheckTests;
				PRODUCT_NAME = "$(TARGET_NAME)";
				SWIFT_VERSION = 4.0;
				TARGETED_DEVICE_FAMILY = "1,2";
				TEST_HOST = "$(BUILT_PRODUCTS_DIR)/RepCheck.app/RepCheck";
			};
			name = Debug;
		};
		A6A7F59A20D0F10B004D7234 /* Release */ = {
			isa = XCBuildConfiguration;
			buildSettings = {
				ALWAYS_EMBED_SWIFT_STANDARD_LIBRARIES = YES;
				BUNDLE_LOADER = "$(TEST_HOST)";
				CODE_SIGN_STYLE = Automatic;
				DEVELOPMENT_TEAM = 2YP7993TAX;
				INFOPLIST_FILE = RepCheckTests/Info.plist;
				LD_RUNPATH_SEARCH_PATHS = (
					"$(inherited)",
					"@executable_path/Frameworks",
					"@loader_path/Frameworks",
				);
				PRODUCT_BUNDLE_IDENTIFIER = TeamTweaker.RepCheckTests;
				PRODUCT_NAME = "$(TARGET_NAME)";
				SWIFT_VERSION = 4.0;
				TARGETED_DEVICE_FAMILY = "1,2";
				TEST_HOST = "$(BUILT_PRODUCTS_DIR)/RepCheck.app/RepCheck";
			};
			name = Release;
		};
		A6A7F59C20D0F10B004D7234 /* Debug */ = {
			isa = XCBuildConfiguration;
			buildSettings = {
				ALWAYS_EMBED_SWIFT_STANDARD_LIBRARIES = YES;
				CODE_SIGN_STYLE = Automatic;
				DEVELOPMENT_TEAM = 2YP7993TAX;
				INFOPLIST_FILE = RepCheckUITests/Info.plist;
				LD_RUNPATH_SEARCH_PATHS = (
					"$(inherited)",
					"@executable_path/Frameworks",
					"@loader_path/Frameworks",
				);
				PRODUCT_BUNDLE_IDENTIFIER = TeamTweaker.RepCheckUITests;
				PRODUCT_NAME = "$(TARGET_NAME)";
				SWIFT_VERSION = 4.0;
				TARGETED_DEVICE_FAMILY = "1,2";
				TEST_TARGET_NAME = RepCheck;
			};
			name = Debug;
		};
		A6A7F59D20D0F10B004D7234 /* Release */ = {
			isa = XCBuildConfiguration;
			buildSettings = {
				ALWAYS_EMBED_SWIFT_STANDARD_LIBRARIES = YES;
				CODE_SIGN_STYLE = Automatic;
				DEVELOPMENT_TEAM = 2YP7993TAX;
				INFOPLIST_FILE = RepCheckUITests/Info.plist;
				LD_RUNPATH_SEARCH_PATHS = (
					"$(inherited)",
					"@executable_path/Frameworks",
					"@loader_path/Frameworks",
				);
				PRODUCT_BUNDLE_IDENTIFIER = TeamTweaker.RepCheckUITests;
				PRODUCT_NAME = "$(TARGET_NAME)";
				SWIFT_VERSION = 4.0;
				TARGETED_DEVICE_FAMILY = "1,2";
				TEST_TARGET_NAME = RepCheck;
			};
			name = Release;
		};
/* End XCBuildConfiguration section */

/* Begin XCConfigurationList section */
		A6A7F56820D0F109004D7234 /* Build configuration list for PBXProject "RepCheck" */ = {
			isa = XCConfigurationList;
			buildConfigurations = (
				A6A7F59320D0F10B004D7234 /* Debug */,
				A6A7F59420D0F10B004D7234 /* Release */,
			);
			defaultConfigurationIsVisible = 0;
			defaultConfigurationName = Release;
		};
		A6A7F59520D0F10B004D7234 /* Build configuration list for PBXNativeTarget "RepCheck" */ = {
			isa = XCConfigurationList;
			buildConfigurations = (
				A6A7F59620D0F10B004D7234 /* Debug */,
				A6A7F59720D0F10B004D7234 /* Release */,
			);
			defaultConfigurationIsVisible = 0;
			defaultConfigurationName = Release;
		};
		A6A7F59820D0F10B004D7234 /* Build configuration list for PBXNativeTarget "RepCheckTests" */ = {
			isa = XCConfigurationList;
			buildConfigurations = (
				A6A7F59920D0F10B004D7234 /* Debug */,
				A6A7F59A20D0F10B004D7234 /* Release */,
			);
			defaultConfigurationIsVisible = 0;
			defaultConfigurationName = Release;
		};
		A6A7F59B20D0F10B004D7234 /* Build configuration list for PBXNativeTarget "RepCheckUITests" */ = {
			isa = XCConfigurationList;
			buildConfigurations = (
				A6A7F59C20D0F10B004D7234 /* Debug */,
				A6A7F59D20D0F10B004D7234 /* Release */,
			);
			defaultConfigurationIsVisible = 0;
			defaultConfigurationName = Release;
		};
/* End XCConfigurationList section */

/* Begin XCVersionGroup section */
		A66A14C521085A6F00A4CA71 /* RepCheck.xcdatamodeld */ = {
			isa = XCVersionGroup;
			children = (
				A66A14C621085A6F00A4CA71 /* RepCheck.xcdatamodel */,
			);
			currentVersion = A66A14C621085A6F00A4CA71 /* RepCheck.xcdatamodel */;
			path = RepCheck.xcdatamodeld;
			sourceTree = "<group>";
			versionGroupType = wrapper.xcdatamodel;
		};
/* End XCVersionGroup section */
	};
	rootObject = A6A7F56520D0F109004D7234 /* Project object */;
}
